// !$*UTF8*$!
{
	archiveVersion = 1;
	classes = {
	};
	objectVersion = 56;
	objects = {

/* Begin PBXBuildFile section */
		81DBA4A12A8B670D00124442 /* AppDelegate.swift in Sources */ = {isa = PBXBuildFile; fileRef = 81DBA4A02A8B670D00124442 /* AppDelegate.swift */; };
		81DBA4A32A8B670D00124442 /* SceneDelegate.swift in Sources */ = {isa = PBXBuildFile; fileRef = 81DBA4A22A8B670D00124442 /* SceneDelegate.swift */; };
		81DBA4A52A8B670D00124442 /* RMTabBarController.swift in Sources */ = {isa = PBXBuildFile; fileRef = 81DBA4A42A8B670D00124442 /* RMTabBarController.swift */; };
		81DBA4AA2A8B670E00124442 /* Assets.xcassets in Resources */ = {isa = PBXBuildFile; fileRef = 81DBA4A92A8B670E00124442 /* Assets.xcassets */; };
		81DBA4AD2A8B670E00124442 /* LaunchScreen.storyboard in Resources */ = {isa = PBXBuildFile; fileRef = 81DBA4AB2A8B670E00124442 /* LaunchScreen.storyboard */; };
		81DBA4BC2A8B924000124442 /* RMEpisode.swift in Sources */ = {isa = PBXBuildFile; fileRef = 81DBA4BB2A8B924000124442 /* RMEpisode.swift */; };
		81DBA4BE2A8B924F00124442 /* RMCharacter.swift in Sources */ = {isa = PBXBuildFile; fileRef = 81DBA4BD2A8B924F00124442 /* RMCharacter.swift */; };
		81DBA4C02A8B925A00124442 /* RMLocation.swift in Sources */ = {isa = PBXBuildFile; fileRef = 81DBA4BF2A8B925A00124442 /* RMLocation.swift */; };
		81DBA4C32A8B933300124442 /* RMCharacterViewController.swift in Sources */ = {isa = PBXBuildFile; fileRef = 81DBA4C22A8B933300124442 /* RMCharacterViewController.swift */; };
		81DBA4C52A8B937000124442 /* RMLocationViewController.swift in Sources */ = {isa = PBXBuildFile; fileRef = 81DBA4C42A8B937000124442 /* RMLocationViewController.swift */; };
		81DBA4C72A8B938A00124442 /* RMEpisodeViewController.swift in Sources */ = {isa = PBXBuildFile; fileRef = 81DBA4C62A8B938A00124442 /* RMEpisodeViewController.swift */; };
		81DBA4C92A8B93B000124442 /* RMSettingsViewController.swift in Sources */ = {isa = PBXBuildFile; fileRef = 81DBA4C82A8B93B000124442 /* RMSettingsViewController.swift */; };
		81DBA4CB2A8BA79D00124442 /* RMServices.swift in Sources */ = {isa = PBXBuildFile; fileRef = 81DBA4CA2A8BA79D00124442 /* RMServices.swift */; };
		81DBA4CD2A8BA7AC00124442 /* RMRequest.swift in Sources */ = {isa = PBXBuildFile; fileRef = 81DBA4CC2A8BA7AC00124442 /* RMRequest.swift */; };
		81DBA4CF2A8BA93900124442 /* RMEndpoint.swift in Sources */ = {isa = PBXBuildFile; fileRef = 81DBA4CE2A8BA93900124442 /* RMEndpoint.swift */; };
		81DBA4D12A8BB5AF00124442 /* RMOrigin.swift in Sources */ = {isa = PBXBuildFile; fileRef = 81DBA4D02A8BB5AF00124442 /* RMOrigin.swift */; };
		81DBA4D32A8BB6A400124442 /* RMSingleLocation.swift in Sources */ = {isa = PBXBuildFile; fileRef = 81DBA4D22A8BB6A400124442 /* RMSingleLocation.swift */; };
		81DBA4D52A8BB80000124442 /* RMCharacterStatus.swift in Sources */ = {isa = PBXBuildFile; fileRef = 81DBA4D42A8BB80000124442 /* RMCharacterStatus.swift */; };
		81DBA4D72A8BB85400124442 /* RMCharactersGender.swift in Sources */ = {isa = PBXBuildFile; fileRef = 81DBA4D62A8BB85300124442 /* RMCharactersGender.swift */; };
		81DBA4DB2A8E1D3E00124442 /* RMGetAllCharactersResponse.swift in Sources */ = {isa = PBXBuildFile; fileRef = 81DBA4DA2A8E1D3E00124442 /* RMGetAllCharactersResponse.swift */; };
/* End PBXBuildFile section */

/* Begin PBXFileReference section */
		81DBA49D2A8B670C00124442 /* Ex-RickAndMortyApp.app */ = {isa = PBXFileReference; explicitFileType = wrapper.application; includeInIndex = 0; path = "Ex-RickAndMortyApp.app"; sourceTree = BUILT_PRODUCTS_DIR; };
		81DBA4A02A8B670D00124442 /* AppDelegate.swift */ = {isa = PBXFileReference; lastKnownFileType = sourcecode.swift; path = AppDelegate.swift; sourceTree = "<group>"; };
		81DBA4A22A8B670D00124442 /* SceneDelegate.swift */ = {isa = PBXFileReference; lastKnownFileType = sourcecode.swift; path = SceneDelegate.swift; sourceTree = "<group>"; };
		81DBA4A42A8B670D00124442 /* RMTabBarController.swift */ = {isa = PBXFileReference; lastKnownFileType = sourcecode.swift; path = RMTabBarController.swift; sourceTree = "<group>"; };
		81DBA4A92A8B670E00124442 /* Assets.xcassets */ = {isa = PBXFileReference; lastKnownFileType = folder.assetcatalog; path = Assets.xcassets; sourceTree = "<group>"; };
		81DBA4AC2A8B670E00124442 /* Base */ = {isa = PBXFileReference; lastKnownFileType = file.storyboard; name = Base; path = Base.lproj/LaunchScreen.storyboard; sourceTree = "<group>"; };
		81DBA4AE2A8B670E00124442 /* Info.plist */ = {isa = PBXFileReference; lastKnownFileType = text.plist.xml; path = Info.plist; sourceTree = "<group>"; };
		81DBA4BB2A8B924000124442 /* RMEpisode.swift */ = {isa = PBXFileReference; lastKnownFileType = sourcecode.swift; path = RMEpisode.swift; sourceTree = "<group>"; };
		81DBA4BD2A8B924F00124442 /* RMCharacter.swift */ = {isa = PBXFileReference; lastKnownFileType = sourcecode.swift; path = RMCharacter.swift; sourceTree = "<group>"; };
		81DBA4BF2A8B925A00124442 /* RMLocation.swift */ = {isa = PBXFileReference; lastKnownFileType = sourcecode.swift; path = RMLocation.swift; sourceTree = "<group>"; };
		81DBA4C22A8B933300124442 /* RMCharacterViewController.swift */ = {isa = PBXFileReference; lastKnownFileType = sourcecode.swift; path = RMCharacterViewController.swift; sourceTree = "<group>"; };
		81DBA4C42A8B937000124442 /* RMLocationViewController.swift */ = {isa = PBXFileReference; lastKnownFileType = sourcecode.swift; path = RMLocationViewController.swift; sourceTree = "<group>"; };
		81DBA4C62A8B938A00124442 /* RMEpisodeViewController.swift */ = {isa = PBXFileReference; lastKnownFileType = sourcecode.swift; path = RMEpisodeViewController.swift; sourceTree = "<group>"; };
		81DBA4C82A8B93B000124442 /* RMSettingsViewController.swift */ = {isa = PBXFileReference; lastKnownFileType = sourcecode.swift; path = RMSettingsViewController.swift; sourceTree = "<group>"; };
		81DBA4CA2A8BA79D00124442 /* RMServices.swift */ = {isa = PBXFileReference; lastKnownFileType = sourcecode.swift; path = RMServices.swift; sourceTree = "<group>"; };
		81DBA4CC2A8BA7AC00124442 /* RMRequest.swift */ = {isa = PBXFileReference; lastKnownFileType = sourcecode.swift; path = RMRequest.swift; sourceTree = "<group>"; };
		81DBA4CE2A8BA93900124442 /* RMEndpoint.swift */ = {isa = PBXFileReference; lastKnownFileType = sourcecode.swift; path = RMEndpoint.swift; sourceTree = "<group>"; };
		81DBA4D02A8BB5AF00124442 /* RMOrigin.swift */ = {isa = PBXFileReference; lastKnownFileType = sourcecode.swift; path = RMOrigin.swift; sourceTree = "<group>"; };
		81DBA4D22A8BB6A400124442 /* RMSingleLocation.swift */ = {isa = PBXFileReference; lastKnownFileType = sourcecode.swift; path = RMSingleLocation.swift; sourceTree = "<group>"; };
		81DBA4D42A8BB80000124442 /* RMCharacterStatus.swift */ = {isa = PBXFileReference; lastKnownFileType = sourcecode.swift; path = RMCharacterStatus.swift; sourceTree = "<group>"; };
		81DBA4D62A8BB85300124442 /* RMCharactersGender.swift */ = {isa = PBXFileReference; lastKnownFileType = sourcecode.swift; path = RMCharactersGender.swift; sourceTree = "<group>"; };
		81DBA4DA2A8E1D3E00124442 /* RMGetAllCharactersResponse.swift */ = {isa = PBXFileReference; lastKnownFileType = sourcecode.swift; path = RMGetAllCharactersResponse.swift; sourceTree = "<group>"; };
/* End PBXFileReference section */

/* Begin PBXFrameworksBuildPhase section */
		81DBA49A2A8B670C00124442 /* Frameworks */ = {
			isa = PBXFrameworksBuildPhase;
			buildActionMask = 2147483647;
			files = (
			);
			runOnlyForDeploymentPostprocessing = 0;
		};
/* End PBXFrameworksBuildPhase section */

/* Begin PBXGroup section */
		81DBA4942A8B670C00124442 = {
			isa = PBXGroup;
			children = (
				81DBA49F2A8B670D00124442 /* Ex-RickAndMortyApp */,
				81DBA49E2A8B670D00124442 /* Products */,
			);
			sourceTree = "<group>";
		};
		81DBA49E2A8B670D00124442 /* Products */ = {
			isa = PBXGroup;
			children = (
				81DBA49D2A8B670C00124442 /* Ex-RickAndMortyApp.app */,
			);
			name = Products;
			sourceTree = "<group>";
		};
		81DBA49F2A8B670D00124442 /* Ex-RickAndMortyApp */ = {
			isa = PBXGroup;
			children = (
				81DBA4BA2A8B918900124442 /* Resources */,
				81DBA4B92A8B918300124442 /* Managers */,
				81DBA4B82A8B917500124442 /* APIClient */,
				81DBA4B72A8B916A00124442 /* ViewModels */,
				81DBA4B62A8B916100124442 /* Views */,
				81DBA4B52A8B915900124442 /* Models */,
				81DBA4B42A8B915000124442 /* Controllers */,
				81DBA4AE2A8B670E00124442 /* Info.plist */,
			);
			path = "Ex-RickAndMortyApp";
			sourceTree = "<group>";
		};
		81DBA4B42A8B915000124442 /* Controllers */ = {
			isa = PBXGroup;
			children = (
				81DBA4C12A8B92DB00124442 /* Core */,
			);
			path = Controllers;
			sourceTree = "<group>";
		};
		81DBA4B52A8B915900124442 /* Models */ = {
			isa = PBXGroup;
			children = (
				81DBA4D92A8E1D2900124442 /* APIResponseTypes */,
				81DBA4D82A8E1D1D00124442 /* DataTypes */,
			);
			path = Models;
			sourceTree = "<group>";
		};
		81DBA4B62A8B916100124442 /* Views */ = {
			isa = PBXGroup;
			children = (
			);
			path = Views;
			sourceTree = "<group>";
		};
		81DBA4B72A8B916A00124442 /* ViewModels */ = {
			isa = PBXGroup;
			children = (
			);
			path = ViewModels;
			sourceTree = "<group>";
		};
		81DBA4B82A8B917500124442 /* APIClient */ = {
			isa = PBXGroup;
			children = (
				81DBA4CA2A8BA79D00124442 /* RMServices.swift */,
				81DBA4CC2A8BA7AC00124442 /* RMRequest.swift */,
				81DBA4CE2A8BA93900124442 /* RMEndpoint.swift */,
			);
			path = APIClient;
			sourceTree = "<group>";
		};
		81DBA4B92A8B918300124442 /* Managers */ = {
			isa = PBXGroup;
			children = (
			);
			path = Managers;
			sourceTree = "<group>";
		};
		81DBA4BA2A8B918900124442 /* Resources */ = {
			isa = PBXGroup;
			children = (
				81DBA4A02A8B670D00124442 /* AppDelegate.swift */,
				81DBA4A22A8B670D00124442 /* SceneDelegate.swift */,
				81DBA4A92A8B670E00124442 /* Assets.xcassets */,
				81DBA4AB2A8B670E00124442 /* LaunchScreen.storyboard */,
			);
			path = Resources;
			sourceTree = "<group>";
		};
		81DBA4C12A8B92DB00124442 /* Core */ = {
			isa = PBXGroup;
			children = (
				81DBA4A42A8B670D00124442 /* RMTabBarController.swift */,
				81DBA4C22A8B933300124442 /* RMCharacterViewController.swift */,
				81DBA4C42A8B937000124442 /* RMLocationViewController.swift */,
				81DBA4C62A8B938A00124442 /* RMEpisodeViewController.swift */,
				81DBA4C82A8B93B000124442 /* RMSettingsViewController.swift */,
			);
			path = Core;
			sourceTree = "<group>";
		};
		81DBA4D82A8E1D1D00124442 /* DataTypes */ = {
			isa = PBXGroup;
			children = (
				81DBA4BF2A8B925A00124442 /* RMLocation.swift */,
				81DBA4BD2A8B924F00124442 /* RMCharacter.swift */,
				81DBA4BB2A8B924000124442 /* RMEpisode.swift */,
				81DBA4D02A8BB5AF00124442 /* RMOrigin.swift */,
				81DBA4D22A8BB6A400124442 /* RMSingleLocation.swift */,
				81DBA4D42A8BB80000124442 /* RMCharacterStatus.swift */,
				81DBA4D62A8BB85300124442 /* RMCharactersGender.swift */,
			);
			path = DataTypes;
			sourceTree = "<group>";
		};
		81DBA4D92A8E1D2900124442 /* APIResponseTypes */ = {
			isa = PBXGroup;
			children = (
				81DBA4DA2A8E1D3E00124442 /* RMGetAllCharactersResponse.swift */,
			);
			path = APIResponseTypes;
			sourceTree = "<group>";
		};
/* End PBXGroup section */

/* Begin PBXNativeTarget section */
		81DBA49C2A8B670C00124442 /* Ex-RickAndMortyApp */ = {
			isa = PBXNativeTarget;
			buildConfigurationList = 81DBA4B12A8B670E00124442 /* Build configuration list for PBXNativeTarget "Ex-RickAndMortyApp" */;
			buildPhases = (
				81DBA4992A8B670C00124442 /* Sources */,
				81DBA49A2A8B670C00124442 /* Frameworks */,
				81DBA49B2A8B670C00124442 /* Resources */,
			);
			buildRules = (
			);
			dependencies = (
			);
			name = "Ex-RickAndMortyApp";
			productName = "Ex-RickAndMortyApp";
			productReference = 81DBA49D2A8B670C00124442 /* Ex-RickAndMortyApp.app */;
			productType = "com.apple.product-type.application";
		};
/* End PBXNativeTarget section */

/* Begin PBXProject section */
		81DBA4952A8B670C00124442 /* Project object */ = {
			isa = PBXProject;
			attributes = {
				BuildIndependentTargetsInParallel = 1;
				LastSwiftUpdateCheck = 1430;
				LastUpgradeCheck = 1430;
				TargetAttributes = {
					81DBA49C2A8B670C00124442 = {
						CreatedOnToolsVersion = 14.3.1;
					};
				};
			};
			buildConfigurationList = 81DBA4982A8B670C00124442 /* Build configuration list for PBXProject "Ex-RickAndMortyApp" */;
			compatibilityVersion = "Xcode 14.0";
			developmentRegion = en;
			hasScannedForEncodings = 0;
			knownRegions = (
				en,
				Base,
			);
			mainGroup = 81DBA4942A8B670C00124442;
			productRefGroup = 81DBA49E2A8B670D00124442 /* Products */;
			projectDirPath = "";
			projectRoot = "";
			targets = (
				81DBA49C2A8B670C00124442 /* Ex-RickAndMortyApp */,
			);
		};
/* End PBXProject section */

/* Begin PBXResourcesBuildPhase section */
		81DBA49B2A8B670C00124442 /* Resources */ = {
			isa = PBXResourcesBuildPhase;
			buildActionMask = 2147483647;
			files = (
				81DBA4AD2A8B670E00124442 /* LaunchScreen.storyboard in Resources */,
				81DBA4AA2A8B670E00124442 /* Assets.xcassets in Resources */,
			);
			runOnlyForDeploymentPostprocessing = 0;
		};
/* End PBXResourcesBuildPhase section */

/* Begin PBXSourcesBuildPhase section */
		81DBA4992A8B670C00124442 /* Sources */ = {
			isa = PBXSourcesBuildPhase;
			buildActionMask = 2147483647;
			files = (
				81DBA4D12A8BB5AF00124442 /* RMOrigin.swift in Sources */,
				81DBA4D32A8BB6A400124442 /* RMSingleLocation.swift in Sources */,
				81DBA4D52A8BB80000124442 /* RMCharacterStatus.swift in Sources */,
				81DBA4D72A8BB85400124442 /* RMCharactersGender.swift in Sources */,
				81DBA4A52A8B670D00124442 /* RMTabBarController.swift in Sources */,
				81DBA4C72A8B938A00124442 /* RMEpisodeViewController.swift in Sources */,
				81DBA4BC2A8B924000124442 /* RMEpisode.swift in Sources */,
				81DBA4DB2A8E1D3E00124442 /* RMGetAllCharactersResponse.swift in Sources */,
				81DBA4C92A8B93B000124442 /* RMSettingsViewController.swift in Sources */,
				81DBA4A12A8B670D00124442 /* AppDelegate.swift in Sources */,
				81DBA4CB2A8BA79D00124442 /* RMServices.swift in Sources */,
				81DBA4BE2A8B924F00124442 /* RMCharacter.swift in Sources */,
				81DBA4C32A8B933300124442 /* RMCharacterViewController.swift in Sources */,
				81DBA4C02A8B925A00124442 /* RMLocation.swift in Sources */,
				81DBA4CF2A8BA93900124442 /* RMEndpoint.swift in Sources */,
				81DBA4A32A8B670D00124442 /* SceneDelegate.swift in Sources */,
				81DBA4CD2A8BA7AC00124442 /* RMRequest.swift in Sources */,
				81DBA4C52A8B937000124442 /* RMLocationViewController.swift in Sources */,
			);
			runOnlyForDeploymentPostprocessing = 0;
		};
/* End PBXSourcesBuildPhase section */

/* Begin PBXVariantGroup section */
		81DBA4AB2A8B670E00124442 /* LaunchScreen.storyboard */ = {
			isa = PBXVariantGroup;
			children = (
				81DBA4AC2A8B670E00124442 /* Base */,
			);
			name = LaunchScreen.storyboard;
			sourceTree = "<group>";
		};
/* End PBXVariantGroup section */

/* Begin XCBuildConfiguration section */
		81DBA4AF2A8B670E00124442 /* Debug */ = {
			isa = XCBuildConfiguration;
			buildSettings = {
				ALWAYS_SEARCH_USER_PATHS = NO;
				CLANG_ANALYZER_NONNULL = YES;
				CLANG_ANALYZER_NUMBER_OBJECT_CONVERSION = YES_AGGRESSIVE;
				CLANG_CXX_LANGUAGE_STANDARD = "gnu++20";
				CLANG_ENABLE_MODULES = YES;
				CLANG_ENABLE_OBJC_ARC = YES;
				CLANG_ENABLE_OBJC_WEAK = YES;
				CLANG_WARN_BLOCK_CAPTURE_AUTORELEASING = YES;
				CLANG_WARN_BOOL_CONVERSION = YES;
				CLANG_WARN_COMMA = YES;
				CLANG_WARN_CONSTANT_CONVERSION = YES;
				CLANG_WARN_DEPRECATED_OBJC_IMPLEMENTATIONS = YES;
				CLANG_WARN_DIRECT_OBJC_ISA_USAGE = YES_ERROR;
				CLANG_WARN_DOCUMENTATION_COMMENTS = YES;
				CLANG_WARN_EMPTY_BODY = YES;
				CLANG_WARN_ENUM_CONVERSION = YES;
				CLANG_WARN_INFINITE_RECURSION = YES;
				CLANG_WARN_INT_CONVERSION = YES;
				CLANG_WARN_NON_LITERAL_NULL_CONVERSION = YES;
				CLANG_WARN_OBJC_IMPLICIT_RETAIN_SELF = YES;
				CLANG_WARN_OBJC_LITERAL_CONVERSION = YES;
				CLANG_WARN_OBJC_ROOT_CLASS = YES_ERROR;
				CLANG_WARN_QUOTED_INCLUDE_IN_FRAMEWORK_HEADER = YES;
				CLANG_WARN_RANGE_LOOP_ANALYSIS = YES;
				CLANG_WARN_STRICT_PROTOTYPES = YES;
				CLANG_WARN_SUSPICIOUS_MOVE = YES;
				CLANG_WARN_UNGUARDED_AVAILABILITY = YES_AGGRESSIVE;
				CLANG_WARN_UNREACHABLE_CODE = YES;
				CLANG_WARN__DUPLICATE_METHOD_MATCH = YES;
				COPY_PHASE_STRIP = NO;
				DEBUG_INFORMATION_FORMAT = dwarf;
				ENABLE_STRICT_OBJC_MSGSEND = YES;
				ENABLE_TESTABILITY = YES;
				GCC_C_LANGUAGE_STANDARD = gnu11;
				GCC_DYNAMIC_NO_PIC = NO;
				GCC_NO_COMMON_BLOCKS = YES;
				GCC_OPTIMIZATION_LEVEL = 0;
				GCC_PREPROCESSOR_DEFINITIONS = (
					"DEBUG=1",
					"$(inherited)",
				);
				GCC_WARN_64_TO_32_BIT_CONVERSION = YES;
				GCC_WARN_ABOUT_RETURN_TYPE = YES_ERROR;
				GCC_WARN_UNDECLARED_SELECTOR = YES;
				GCC_WARN_UNINITIALIZED_AUTOS = YES_AGGRESSIVE;
				GCC_WARN_UNUSED_FUNCTION = YES;
				GCC_WARN_UNUSED_VARIABLE = YES;
				IPHONEOS_DEPLOYMENT_TARGET = 16.4;
				MTL_ENABLE_DEBUG_INFO = INCLUDE_SOURCE;
				MTL_FAST_MATH = YES;
				ONLY_ACTIVE_ARCH = YES;
				SDKROOT = iphoneos;
				SWIFT_ACTIVE_COMPILATION_CONDITIONS = DEBUG;
				SWIFT_OPTIMIZATION_LEVEL = "-Onone";
			};
			name = Debug;
		};
		81DBA4B02A8B670E00124442 /* Release */ = {
			isa = XCBuildConfiguration;
			buildSettings = {
				ALWAYS_SEARCH_USER_PATHS = NO;
				CLANG_ANALYZER_NONNULL = YES;
				CLANG_ANALYZER_NUMBER_OBJECT_CONVERSION = YES_AGGRESSIVE;
				CLANG_CXX_LANGUAGE_STANDARD = "gnu++20";
				CLANG_ENABLE_MODULES = YES;
				CLANG_ENABLE_OBJC_ARC = YES;
				CLANG_ENABLE_OBJC_WEAK = YES;
				CLANG_WARN_BLOCK_CAPTURE_AUTORELEASING = YES;
				CLANG_WARN_BOOL_CONVERSION = YES;
				CLANG_WARN_COMMA = YES;
				CLANG_WARN_CONSTANT_CONVERSION = YES;
				CLANG_WARN_DEPRECATED_OBJC_IMPLEMENTATIONS = YES;
				CLANG_WARN_DIRECT_OBJC_ISA_USAGE = YES_ERROR;
				CLANG_WARN_DOCUMENTATION_COMMENTS = YES;
				CLANG_WARN_EMPTY_BODY = YES;
				CLANG_WARN_ENUM_CONVERSION = YES;
				CLANG_WARN_INFINITE_RECURSION = YES;
				CLANG_WARN_INT_CONVERSION = YES;
				CLANG_WARN_NON_LITERAL_NULL_CONVERSION = YES;
				CLANG_WARN_OBJC_IMPLICIT_RETAIN_SELF = YES;
				CLANG_WARN_OBJC_LITERAL_CONVERSION = YES;
				CLANG_WARN_OBJC_ROOT_CLASS = YES_ERROR;
				CLANG_WARN_QUOTED_INCLUDE_IN_FRAMEWORK_HEADER = YES;
				CLANG_WARN_RANGE_LOOP_ANALYSIS = YES;
				CLANG_WARN_STRICT_PROTOTYPES = YES;
				CLANG_WARN_SUSPICIOUS_MOVE = YES;
				CLANG_WARN_UNGUARDED_AVAILABILITY = YES_AGGRESSIVE;
				CLANG_WARN_UNREACHABLE_CODE = YES;
				CLANG_WARN__DUPLICATE_METHOD_MATCH = YES;
				COPY_PHASE_STRIP = NO;
				DEBUG_INFORMATION_FORMAT = "dwarf-with-dsym";
				ENABLE_NS_ASSERTIONS = NO;
				ENABLE_STRICT_OBJC_MSGSEND = YES;
				GCC_C_LANGUAGE_STANDARD = gnu11;
				GCC_NO_COMMON_BLOCKS = YES;
				GCC_WARN_64_TO_32_BIT_CONVERSION = YES;
				GCC_WARN_ABOUT_RETURN_TYPE = YES_ERROR;
				GCC_WARN_UNDECLARED_SELECTOR = YES;
				GCC_WARN_UNINITIALIZED_AUTOS = YES_AGGRESSIVE;
				GCC_WARN_UNUSED_FUNCTION = YES;
				GCC_WARN_UNUSED_VARIABLE = YES;
				IPHONEOS_DEPLOYMENT_TARGET = 16.4;
				MTL_ENABLE_DEBUG_INFO = NO;
				MTL_FAST_MATH = YES;
				SDKROOT = iphoneos;
				SWIFT_COMPILATION_MODE = wholemodule;
				SWIFT_OPTIMIZATION_LEVEL = "-O";
				VALIDATE_PRODUCT = YES;
			};
			name = Release;
		};
		81DBA4B22A8B670E00124442 /* Debug */ = {
			isa = XCBuildConfiguration;
			buildSettings = {
				ASSETCATALOG_COMPILER_APPICON_NAME = AppIcon;
				ASSETCATALOG_COMPILER_GLOBAL_ACCENT_COLOR_NAME = AccentColor;
				CODE_SIGN_STYLE = Automatic;
				CURRENT_PROJECT_VERSION = 1;
				DEVELOPMENT_TEAM = 57F5WN9JCX;
				GENERATE_INFOPLIST_FILE = YES;
				INFOPLIST_FILE = "Ex-RickAndMortyApp/Info.plist";
				INFOPLIST_KEY_UIApplicationSupportsIndirectInputEvents = YES;
				INFOPLIST_KEY_UILaunchStoryboardName = LaunchScreen;
				INFOPLIST_KEY_UISupportedInterfaceOrientations_iPad = "UIInterfaceOrientationPortrait UIInterfaceOrientationPortraitUpsideDown UIInterfaceOrientationLandscapeLeft UIInterfaceOrientationLandscapeRight";
				INFOPLIST_KEY_UISupportedInterfaceOrientations_iPhone = "UIInterfaceOrientationPortrait UIInterfaceOrientationLandscapeLeft UIInterfaceOrientationLandscapeRight";
				LD_RUNPATH_SEARCH_PATHS = (
					"$(inherited)",
					"@executable_path/Frameworks",
				);
				MARKETING_VERSION = 1.0;
				PRODUCT_BUNDLE_IDENTIFIER = "com.halukbayrakci.Ex-RickAndMortyApp";
				PRODUCT_NAME = "$(TARGET_NAME)";
				SWIFT_EMIT_LOC_STRINGS = YES;
				SWIFT_VERSION = 5.0;
				TARGETED_DEVICE_FAMILY = "1,2";
			};
			name = Debug;
		};
		81DBA4B32A8B670E00124442 /* Release */ = {
			isa = XCBuildConfiguration;
			buildSettings = {
				ASSETCATALOG_COMPILER_APPICON_NAME = AppIcon;
				ASSETCATALOG_COMPILER_GLOBAL_ACCENT_COLOR_NAME = AccentColor;
				CODE_SIGN_STYLE = Automatic;
				CURRENT_PROJECT_VERSION = 1;
				DEVELOPMENT_TEAM = 57F5WN9JCX;
				GENERATE_INFOPLIST_FILE = YES;
				INFOPLIST_FILE = "Ex-RickAndMortyApp/Info.plist";
				INFOPLIST_KEY_UIApplicationSupportsIndirectInputEvents = YES;
				INFOPLIST_KEY_UILaunchStoryboardName = LaunchScreen;
				INFOPLIST_KEY_UISupportedInterfaceOrientations_iPad = "UIInterfaceOrientationPortrait UIInterfaceOrientationPortraitUpsideDown UIInterfaceOrientationLandscapeLeft UIInterfaceOrientationLandscapeRight";
				INFOPLIST_KEY_UISupportedInterfaceOrientations_iPhone = "UIInterfaceOrientationPortrait UIInterfaceOrientationLandscapeLeft UIInterfaceOrientationLandscapeRight";
				LD_RUNPATH_SEARCH_PATHS = (
					"$(inherited)",
					"@executable_path/Frameworks",
				);
				MARKETING_VERSION = 1.0;
				PRODUCT_BUNDLE_IDENTIFIER = "com.halukbayrakci.Ex-RickAndMortyApp";
				PRODUCT_NAME = "$(TARGET_NAME)";
				SWIFT_EMIT_LOC_STRINGS = YES;
				SWIFT_VERSION = 5.0;
				TARGETED_DEVICE_FAMILY = "1,2";
			};
			name = Release;
		};
/* End XCBuildConfiguration section */

/* Begin XCConfigurationList section */
		81DBA4982A8B670C00124442 /* Build configuration list for PBXProject "Ex-RickAndMortyApp" */ = {
			isa = XCConfigurationList;
			buildConfigurations = (
				81DBA4AF2A8B670E00124442 /* Debug */,
				81DBA4B02A8B670E00124442 /* Release */,
			);
			defaultConfigurationIsVisible = 0;
			defaultConfigurationName = Release;
		};
		81DBA4B12A8B670E00124442 /* Build configuration list for PBXNativeTarget "Ex-RickAndMortyApp" */ = {
			isa = XCConfigurationList;
			buildConfigurations = (
				81DBA4B22A8B670E00124442 /* Debug */,
				81DBA4B32A8B670E00124442 /* Release */,
			);
			defaultConfigurationIsVisible = 0;
			defaultConfigurationName = Release;
		};
/* End XCConfigurationList section */
	};
	rootObject = 81DBA4952A8B670C00124442 /* Project object */;
}
