// !$*UTF8*$!
{
	archiveVersion = 1;
	classes = {
	};
	objectVersion = 56;
	objects = {

/* Begin PBXBuildFile section */
		819C129D2AAC8AB300949938 /* RMImageLoader.swift in Sources */ = {isa = PBXBuildFile; fileRef = 819C129C2AAC8AB300949938 /* RMImageLoader.swift */; };
		819C12A22AADCBC400949938 /* RMCharacterPhotoCollectionViewCell.swift in Sources */ = {isa = PBXBuildFile; fileRef = 819C12A12AADCBC400949938 /* RMCharacterPhotoCollectionViewCell.swift */; };
		819C12A42AADCBE100949938 /* RMCharacterInformationCollectionViewCell.swift in Sources */ = {isa = PBXBuildFile; fileRef = 819C12A32AADCBE100949938 /* RMCharacterInformationCollectionViewCell.swift */; };
		819C12A62AADCBF100949938 /* RMCharacterEpisodesCollectionViewCell.swift in Sources */ = {isa = PBXBuildFile; fileRef = 819C12A52AADCBF100949938 /* RMCharacterEpisodesCollectionViewCell.swift */; };
		819C12A92AADCC7B00949938 /* RMCharacterPhotoCollectionViewCellViewModel.swift in Sources */ = {isa = PBXBuildFile; fileRef = 819C12A82AADCC7B00949938 /* RMCharacterPhotoCollectionViewCellViewModel.swift */; };
		819C12AB2AADCC8B00949938 /* RMCharacterInformationCollectionViewCellViewModel.swift in Sources */ = {isa = PBXBuildFile; fileRef = 819C12AA2AADCC8B00949938 /* RMCharacterInformationCollectionViewCellViewModel.swift */; };
		819C12AD2AADCC9D00949938 /* RMCharacterEpisodesCollectionViewCellViewModel.swift in Sources */ = {isa = PBXBuildFile; fileRef = 819C12AC2AADCC9D00949938 /* RMCharacterEpisodesCollectionViewCellViewModel.swift */; };
		819C12AF2AAF483E00949938 /* RMEpisodeDetailViewController.swift in Sources */ = {isa = PBXBuildFile; fileRef = 819C12AE2AAF483E00949938 /* RMEpisodeDetailViewController.swift */; };
		819C12B12AAF50FD00949938 /* RMAPICacheManager.swift in Sources */ = {isa = PBXBuildFile; fileRef = 819C12B02AAF50FD00949938 /* RMAPICacheManager.swift */; };
		819C12B32AAF92A200949938 /* RMEpisodeDetailViewViewModel.swift in Sources */ = {isa = PBXBuildFile; fileRef = 819C12B22AAF92A200949938 /* RMEpisodeDetailViewViewModel.swift */; };
		819C12B52AAF934B00949938 /* RMEpisodeDetailView.swift in Sources */ = {isa = PBXBuildFile; fileRef = 819C12B42AAF934B00949938 /* RMEpisodeDetailView.swift */; };
		819C12B82AAF992A00949938 /* RMEpisodeListView.swift in Sources */ = {isa = PBXBuildFile; fileRef = 819C12B72AAF992A00949938 /* RMEpisodeListView.swift */; };
		819C12BA2AAF9C7400949938 /* RMEpisodeListViewViewModel.swift in Sources */ = {isa = PBXBuildFile; fileRef = 819C12B92AAF9C7400949938 /* RMEpisodeListViewViewModel.swift */; };
		819C12BC2AB09E8200949938 /* RMGetAllEpisodesResponse.swift in Sources */ = {isa = PBXBuildFile; fileRef = 819C12BB2AB09E8200949938 /* RMGetAllEpisodesResponse.swift */; };
		819C12BE2AB0ADEA00949938 /* RMSearchViewController.swift in Sources */ = {isa = PBXBuildFile; fileRef = 819C12BD2AB0ADEA00949938 /* RMSearchViewController.swift */; };
		819C12C12AB2442600949938 /* RMEpisodeInformationCollectionViewCell.swift in Sources */ = {isa = PBXBuildFile; fileRef = 819C12C02AB2442600949938 /* RMEpisodeInformationCollectionViewCell.swift */; };
		819C12C42AB244F300949938 /* RMEpisodeInformationCollectionViewCellViewModel.swift in Sources */ = {isa = PBXBuildFile; fileRef = 819C12C32AB244F300949938 /* RMEpisodeInformationCollectionViewCellViewModel.swift */; };
		819C12C72AB34FD800949938 /* RMSettingsViewViewModel.swift in Sources */ = {isa = PBXBuildFile; fileRef = 819C12C62AB34FD800949938 /* RMSettingsViewViewModel.swift */; };
		819C12C92AB3504B00949938 /* RMSettingsCellViewModel.swift in Sources */ = {isa = PBXBuildFile; fileRef = 819C12C82AB3504B00949938 /* RMSettingsCellViewModel.swift */; };
		819C12CB2AB350FC00949938 /* RMSettingsOption.swift in Sources */ = {isa = PBXBuildFile; fileRef = 819C12CA2AB350FC00949938 /* RMSettingsOption.swift */; };
		819C12CE2AB3580800949938 /* RMSettingsView.swift in Sources */ = {isa = PBXBuildFile; fileRef = 819C12CD2AB3580800949938 /* RMSettingsView.swift */; };
		819C12D12AB5BF1A00949938 /* RMLocationView.swift in Sources */ = {isa = PBXBuildFile; fileRef = 819C12D02AB5BF1A00949938 /* RMLocationView.swift */; };
		819C12D32AB5C27300949938 /* RMLocationViewViewModel.swift in Sources */ = {isa = PBXBuildFile; fileRef = 819C12D22AB5C27300949938 /* RMLocationViewViewModel.swift */; };
		819C12D52AB5CDC000949938 /* RMGetAllLocationsResponse.swift in Sources */ = {isa = PBXBuildFile; fileRef = 819C12D42AB5CDC000949938 /* RMGetAllLocationsResponse.swift */; };
		819C12D72AB5CFAB00949938 /* RMLocationTableViewCell.swift in Sources */ = {isa = PBXBuildFile; fileRef = 819C12D62AB5CFAB00949938 /* RMLocationTableViewCell.swift */; };
		819C12DA2AB5D14100949938 /* RMLocationTableViewCellViewModel.swift in Sources */ = {isa = PBXBuildFile; fileRef = 819C12D92AB5D14100949938 /* RMLocationTableViewCellViewModel.swift */; };
		819C12DC2AB866E900949938 /* RMLocationDetailViewController.swift in Sources */ = {isa = PBXBuildFile; fileRef = 819C12DB2AB866E900949938 /* RMLocationDetailViewController.swift */; };
		819C12DF2AB8693300949938 /* RMLocationDetailView.swift in Sources */ = {isa = PBXBuildFile; fileRef = 819C12DE2AB8693300949938 /* RMLocationDetailView.swift */; };
		819C12E12AB86A6F00949938 /* RMLocationDetailViewViewModel.swift in Sources */ = {isa = PBXBuildFile; fileRef = 819C12E02AB86A6F00949938 /* RMLocationDetailViewViewModel.swift */; };
		819C12E42AB876E700949938 /* RMSearchView.swift in Sources */ = {isa = PBXBuildFile; fileRef = 819C12E32AB876E700949938 /* RMSearchView.swift */; };
		819C12E62AB877AB00949938 /* RMSearchViewViewModel.swift in Sources */ = {isa = PBXBuildFile; fileRef = 819C12E52AB877AB00949938 /* RMSearchViewViewModel.swift */; };
		819C12E82AB87AD500949938 /* RMNoSearchResultsView.swift in Sources */ = {isa = PBXBuildFile; fileRef = 819C12E72AB87AD500949938 /* RMNoSearchResultsView.swift */; };
		819C12EB2AB87B2700949938 /* RMNoSearchResultsViewViewModel.swift in Sources */ = {isa = PBXBuildFile; fileRef = 819C12EA2AB87B2600949938 /* RMNoSearchResultsViewViewModel.swift */; };
		819C12ED2AB87B7100949938 /* RMSearchInputView.swift in Sources */ = {isa = PBXBuildFile; fileRef = 819C12EC2AB87B7100949938 /* RMSearchInputView.swift */; };
		819C12EF2AB87B9E00949938 /* RMSearchInputViewViewModel.swift in Sources */ = {isa = PBXBuildFile; fileRef = 819C12EE2AB87B9E00949938 /* RMSearchInputViewViewModel.swift */; };
		81DBA4A12A8B670D00124442 /* AppDelegate.swift in Sources */ = {isa = PBXBuildFile; fileRef = 81DBA4A02A8B670D00124442 /* AppDelegate.swift */; };
		81DBA4A32A8B670D00124442 /* SceneDelegate.swift in Sources */ = {isa = PBXBuildFile; fileRef = 81DBA4A22A8B670D00124442 /* SceneDelegate.swift */; };
		81DBA4A52A8B670D00124442 /* RMTabBarController.swift in Sources */ = {isa = PBXBuildFile; fileRef = 81DBA4A42A8B670D00124442 /* RMTabBarController.swift */; };
		81DBA4AA2A8B670E00124442 /* Assets.xcassets in Resources */ = {isa = PBXBuildFile; fileRef = 81DBA4A92A8B670E00124442 /* Assets.xcassets */; };
		81DBA4AD2A8B670E00124442 /* LaunchScreen.storyboard in Resources */ = {isa = PBXBuildFile; fileRef = 81DBA4AB2A8B670E00124442 /* LaunchScreen.storyboard */; };
		81DBA4BC2A8B924000124442 /* RMEpisode.swift in Sources */ = {isa = PBXBuildFile; fileRef = 81DBA4BB2A8B924000124442 /* RMEpisode.swift */; };
		81DBA4BE2A8B924F00124442 /* RMCharacter.swift in Sources */ = {isa = PBXBuildFile; fileRef = 81DBA4BD2A8B924F00124442 /* RMCharacter.swift */; };
		81DBA4C02A8B925A00124442 /* RMLocation.swift in Sources */ = {isa = PBXBuildFile; fileRef = 81DBA4BF2A8B925A00124442 /* RMLocation.swift */; };
		81DBA4C32A8B933300124442 /* RMCharacterViewController.swift in Sources */ = {isa = PBXBuildFile; fileRef = 81DBA4C22A8B933300124442 /* RMCharacterViewController.swift */; };
		81DBA4C52A8B937000124442 /* RMLocationViewController.swift in Sources */ = {isa = PBXBuildFile; fileRef = 81DBA4C42A8B937000124442 /* RMLocationViewController.swift */; };
		81DBA4C72A8B938A00124442 /* RMEpisodeViewController.swift in Sources */ = {isa = PBXBuildFile; fileRef = 81DBA4C62A8B938A00124442 /* RMEpisodeViewController.swift */; };
		81DBA4C92A8B93B000124442 /* RMSettingsViewController.swift in Sources */ = {isa = PBXBuildFile; fileRef = 81DBA4C82A8B93B000124442 /* RMSettingsViewController.swift */; };
		81DBA4CB2A8BA79D00124442 /* RMServices.swift in Sources */ = {isa = PBXBuildFile; fileRef = 81DBA4CA2A8BA79D00124442 /* RMServices.swift */; };
		81DBA4CD2A8BA7AC00124442 /* RMRequest.swift in Sources */ = {isa = PBXBuildFile; fileRef = 81DBA4CC2A8BA7AC00124442 /* RMRequest.swift */; };
		81DBA4CF2A8BA93900124442 /* RMEndpoint.swift in Sources */ = {isa = PBXBuildFile; fileRef = 81DBA4CE2A8BA93900124442 /* RMEndpoint.swift */; };
		81DBA4D12A8BB5AF00124442 /* RMOrigin.swift in Sources */ = {isa = PBXBuildFile; fileRef = 81DBA4D02A8BB5AF00124442 /* RMOrigin.swift */; };
		81DBA4D32A8BB6A400124442 /* RMSingleLocation.swift in Sources */ = {isa = PBXBuildFile; fileRef = 81DBA4D22A8BB6A400124442 /* RMSingleLocation.swift */; };
		81DBA4D52A8BB80000124442 /* RMCharacterStatus.swift in Sources */ = {isa = PBXBuildFile; fileRef = 81DBA4D42A8BB80000124442 /* RMCharacterStatus.swift */; };
		81DBA4D72A8BB85400124442 /* RMCharactersGender.swift in Sources */ = {isa = PBXBuildFile; fileRef = 81DBA4D62A8BB85300124442 /* RMCharactersGender.swift */; };
		81DBA4DB2A8E1D3E00124442 /* RMGetAllCharactersResponse.swift in Sources */ = {isa = PBXBuildFile; fileRef = 81DBA4DA2A8E1D3E00124442 /* RMGetAllCharactersResponse.swift */; };
		81DBA4DD2A8E25E100124442 /* RMCharacterListViewViewModel.swift in Sources */ = {isa = PBXBuildFile; fileRef = 81DBA4DC2A8E25E100124442 /* RMCharacterListViewViewModel.swift */; };
		81DBA4DF2A8E275F00124442 /* RMCharacterListView.swift in Sources */ = {isa = PBXBuildFile; fileRef = 81DBA4DE2A8E275F00124442 /* RMCharacterListView.swift */; };
		81DBA4E12A90A5E800124442 /* RMCharacterCollectionViewCell.swift in Sources */ = {isa = PBXBuildFile; fileRef = 81DBA4E02A90A5E800124442 /* RMCharacterCollectionViewCell.swift */; };
		81DBA4E32A90A76000124442 /* RMCharacterCollectionViewCellViewModel.swift in Sources */ = {isa = PBXBuildFile; fileRef = 81DBA4E22A90A76000124442 /* RMCharacterCollectionViewCellViewModel.swift */; };
		81DBA4E62A9243FD00124442 /* RMCharacterDetailViewController.swift in Sources */ = {isa = PBXBuildFile; fileRef = 81DBA4E52A9243FD00124442 /* RMCharacterDetailViewController.swift */; };
		81DBA4E82A9244CB00124442 /* RMCharacterDetailView.swift in Sources */ = {isa = PBXBuildFile; fileRef = 81DBA4E72A9244CB00124442 /* RMCharacterDetailView.swift */; };
		81DBA4EA2A9244F100124442 /* RMCharacterDetailViewViewModel.swift in Sources */ = {isa = PBXBuildFile; fileRef = 81DBA4E92A9244F100124442 /* RMCharacterDetailViewViewModel.swift */; };
		81DBA4EC2A96131200124442 /* RMFooterLoadingCollectionReusableView.swift in Sources */ = {isa = PBXBuildFile; fileRef = 81DBA4EB2A96131200124442 /* RMFooterLoadingCollectionReusableView.swift */; };
/* End PBXBuildFile section */

/* Begin PBXFileReference section */
		819C129C2AAC8AB300949938 /* RMImageLoader.swift */ = {isa = PBXFileReference; lastKnownFileType = sourcecode.swift; path = RMImageLoader.swift; sourceTree = "<group>"; };
		819C12A12AADCBC400949938 /* RMCharacterPhotoCollectionViewCell.swift */ = {isa = PBXFileReference; lastKnownFileType = sourcecode.swift; path = RMCharacterPhotoCollectionViewCell.swift; sourceTree = "<group>"; };
		819C12A32AADCBE100949938 /* RMCharacterInformationCollectionViewCell.swift */ = {isa = PBXFileReference; lastKnownFileType = sourcecode.swift; path = RMCharacterInformationCollectionViewCell.swift; sourceTree = "<group>"; };
		819C12A52AADCBF100949938 /* RMCharacterEpisodesCollectionViewCell.swift */ = {isa = PBXFileReference; lastKnownFileType = sourcecode.swift; path = RMCharacterEpisodesCollectionViewCell.swift; sourceTree = "<group>"; };
		819C12A82AADCC7B00949938 /* RMCharacterPhotoCollectionViewCellViewModel.swift */ = {isa = PBXFileReference; lastKnownFileType = sourcecode.swift; path = RMCharacterPhotoCollectionViewCellViewModel.swift; sourceTree = "<group>"; };
		819C12AA2AADCC8B00949938 /* RMCharacterInformationCollectionViewCellViewModel.swift */ = {isa = PBXFileReference; lastKnownFileType = sourcecode.swift; path = RMCharacterInformationCollectionViewCellViewModel.swift; sourceTree = "<group>"; };
		819C12AC2AADCC9D00949938 /* RMCharacterEpisodesCollectionViewCellViewModel.swift */ = {isa = PBXFileReference; lastKnownFileType = sourcecode.swift; path = RMCharacterEpisodesCollectionViewCellViewModel.swift; sourceTree = "<group>"; };
		819C12AE2AAF483E00949938 /* RMEpisodeDetailViewController.swift */ = {isa = PBXFileReference; lastKnownFileType = sourcecode.swift; path = RMEpisodeDetailViewController.swift; sourceTree = "<group>"; };
		819C12B02AAF50FD00949938 /* RMAPICacheManager.swift */ = {isa = PBXFileReference; lastKnownFileType = sourcecode.swift; path = RMAPICacheManager.swift; sourceTree = "<group>"; };
		819C12B22AAF92A200949938 /* RMEpisodeDetailViewViewModel.swift */ = {isa = PBXFileReference; lastKnownFileType = sourcecode.swift; path = RMEpisodeDetailViewViewModel.swift; sourceTree = "<group>"; };
		819C12B42AAF934B00949938 /* RMEpisodeDetailView.swift */ = {isa = PBXFileReference; lastKnownFileType = sourcecode.swift; path = RMEpisodeDetailView.swift; sourceTree = "<group>"; };
		819C12B72AAF992A00949938 /* RMEpisodeListView.swift */ = {isa = PBXFileReference; lastKnownFileType = sourcecode.swift; path = RMEpisodeListView.swift; sourceTree = "<group>"; };
		819C12B92AAF9C7400949938 /* RMEpisodeListViewViewModel.swift */ = {isa = PBXFileReference; lastKnownFileType = sourcecode.swift; path = RMEpisodeListViewViewModel.swift; sourceTree = "<group>"; };
		819C12BB2AB09E8200949938 /* RMGetAllEpisodesResponse.swift */ = {isa = PBXFileReference; lastKnownFileType = sourcecode.swift; path = RMGetAllEpisodesResponse.swift; sourceTree = "<group>"; };
		819C12BD2AB0ADEA00949938 /* RMSearchViewController.swift */ = {isa = PBXFileReference; lastKnownFileType = sourcecode.swift; path = RMSearchViewController.swift; sourceTree = "<group>"; };
		819C12C02AB2442600949938 /* RMEpisodeInformationCollectionViewCell.swift */ = {isa = PBXFileReference; lastKnownFileType = sourcecode.swift; path = RMEpisodeInformationCollectionViewCell.swift; sourceTree = "<group>"; };
		819C12C32AB244F300949938 /* RMEpisodeInformationCollectionViewCellViewModel.swift */ = {isa = PBXFileReference; lastKnownFileType = sourcecode.swift; path = RMEpisodeInformationCollectionViewCellViewModel.swift; sourceTree = "<group>"; };
		819C12C62AB34FD800949938 /* RMSettingsViewViewModel.swift */ = {isa = PBXFileReference; lastKnownFileType = sourcecode.swift; path = RMSettingsViewViewModel.swift; sourceTree = "<group>"; };
		819C12C82AB3504B00949938 /* RMSettingsCellViewModel.swift */ = {isa = PBXFileReference; lastKnownFileType = sourcecode.swift; path = RMSettingsCellViewModel.swift; sourceTree = "<group>"; };
		819C12CA2AB350FC00949938 /* RMSettingsOption.swift */ = {isa = PBXFileReference; lastKnownFileType = sourcecode.swift; path = RMSettingsOption.swift; sourceTree = "<group>"; };
		819C12CD2AB3580800949938 /* RMSettingsView.swift */ = {isa = PBXFileReference; lastKnownFileType = sourcecode.swift; path = RMSettingsView.swift; sourceTree = "<group>"; };
		819C12D02AB5BF1A00949938 /* RMLocationView.swift */ = {isa = PBXFileReference; lastKnownFileType = sourcecode.swift; path = RMLocationView.swift; sourceTree = "<group>"; };
		819C12D22AB5C27300949938 /* RMLocationViewViewModel.swift */ = {isa = PBXFileReference; lastKnownFileType = sourcecode.swift; path = RMLocationViewViewModel.swift; sourceTree = "<group>"; };
		819C12D42AB5CDC000949938 /* RMGetAllLocationsResponse.swift */ = {isa = PBXFileReference; lastKnownFileType = sourcecode.swift; path = RMGetAllLocationsResponse.swift; sourceTree = "<group>"; };
		819C12D62AB5CFAB00949938 /* RMLocationTableViewCell.swift */ = {isa = PBXFileReference; lastKnownFileType = sourcecode.swift; path = RMLocationTableViewCell.swift; sourceTree = "<group>"; };
		819C12D92AB5D14100949938 /* RMLocationTableViewCellViewModel.swift */ = {isa = PBXFileReference; lastKnownFileType = sourcecode.swift; path = RMLocationTableViewCellViewModel.swift; sourceTree = "<group>"; };
		819C12DB2AB866E900949938 /* RMLocationDetailViewController.swift */ = {isa = PBXFileReference; lastKnownFileType = sourcecode.swift; path = RMLocationDetailViewController.swift; sourceTree = "<group>"; };
		819C12DE2AB8693300949938 /* RMLocationDetailView.swift */ = {isa = PBXFileReference; lastKnownFileType = sourcecode.swift; path = RMLocationDetailView.swift; sourceTree = "<group>"; };
		819C12E02AB86A6F00949938 /* RMLocationDetailViewViewModel.swift */ = {isa = PBXFileReference; lastKnownFileType = sourcecode.swift; path = RMLocationDetailViewViewModel.swift; sourceTree = "<group>"; };
		819C12E32AB876E700949938 /* RMSearchView.swift */ = {isa = PBXFileReference; lastKnownFileType = sourcecode.swift; path = RMSearchView.swift; sourceTree = "<group>"; };
		819C12E52AB877AB00949938 /* RMSearchViewViewModel.swift */ = {isa = PBXFileReference; lastKnownFileType = sourcecode.swift; path = RMSearchViewViewModel.swift; sourceTree = "<group>"; };
		819C12E72AB87AD500949938 /* RMNoSearchResultsView.swift */ = {isa = PBXFileReference; lastKnownFileType = sourcecode.swift; path = RMNoSearchResultsView.swift; sourceTree = "<group>"; };
		819C12EA2AB87B2600949938 /* RMNoSearchResultsViewViewModel.swift */ = {isa = PBXFileReference; lastKnownFileType = sourcecode.swift; path = RMNoSearchResultsViewViewModel.swift; sourceTree = "<group>"; };
		819C12EC2AB87B7100949938 /* RMSearchInputView.swift */ = {isa = PBXFileReference; lastKnownFileType = sourcecode.swift; path = RMSearchInputView.swift; sourceTree = "<group>"; };
		819C12EE2AB87B9E00949938 /* RMSearchInputViewViewModel.swift */ = {isa = PBXFileReference; lastKnownFileType = sourcecode.swift; path = RMSearchInputViewViewModel.swift; sourceTree = "<group>"; };
		81DBA49D2A8B670C00124442 /* Ex-RickAndMortyApp.app */ = {isa = PBXFileReference; explicitFileType = wrapper.application; includeInIndex = 0; path = "Ex-RickAndMortyApp.app"; sourceTree = BUILT_PRODUCTS_DIR; };
		81DBA4A02A8B670D00124442 /* AppDelegate.swift */ = {isa = PBXFileReference; lastKnownFileType = sourcecode.swift; path = AppDelegate.swift; sourceTree = "<group>"; };
		81DBA4A22A8B670D00124442 /* SceneDelegate.swift */ = {isa = PBXFileReference; lastKnownFileType = sourcecode.swift; path = SceneDelegate.swift; sourceTree = "<group>"; };
		81DBA4A42A8B670D00124442 /* RMTabBarController.swift */ = {isa = PBXFileReference; lastKnownFileType = sourcecode.swift; path = RMTabBarController.swift; sourceTree = "<group>"; };
		81DBA4A92A8B670E00124442 /* Assets.xcassets */ = {isa = PBXFileReference; lastKnownFileType = folder.assetcatalog; path = Assets.xcassets; sourceTree = "<group>"; };
		81DBA4AC2A8B670E00124442 /* Base */ = {isa = PBXFileReference; lastKnownFileType = file.storyboard; name = Base; path = Base.lproj/LaunchScreen.storyboard; sourceTree = "<group>"; };
		81DBA4AE2A8B670E00124442 /* Info.plist */ = {isa = PBXFileReference; lastKnownFileType = text.plist.xml; path = Info.plist; sourceTree = "<group>"; };
		81DBA4BB2A8B924000124442 /* RMEpisode.swift */ = {isa = PBXFileReference; lastKnownFileType = sourcecode.swift; path = RMEpisode.swift; sourceTree = "<group>"; };
		81DBA4BD2A8B924F00124442 /* RMCharacter.swift */ = {isa = PBXFileReference; lastKnownFileType = sourcecode.swift; path = RMCharacter.swift; sourceTree = "<group>"; };
		81DBA4BF2A8B925A00124442 /* RMLocation.swift */ = {isa = PBXFileReference; lastKnownFileType = sourcecode.swift; path = RMLocation.swift; sourceTree = "<group>"; };
		81DBA4C22A8B933300124442 /* RMCharacterViewController.swift */ = {isa = PBXFileReference; lastKnownFileType = sourcecode.swift; path = RMCharacterViewController.swift; sourceTree = "<group>"; };
		81DBA4C42A8B937000124442 /* RMLocationViewController.swift */ = {isa = PBXFileReference; lastKnownFileType = sourcecode.swift; path = RMLocationViewController.swift; sourceTree = "<group>"; };
		81DBA4C62A8B938A00124442 /* RMEpisodeViewController.swift */ = {isa = PBXFileReference; lastKnownFileType = sourcecode.swift; path = RMEpisodeViewController.swift; sourceTree = "<group>"; };
		81DBA4C82A8B93B000124442 /* RMSettingsViewController.swift */ = {isa = PBXFileReference; lastKnownFileType = sourcecode.swift; path = RMSettingsViewController.swift; sourceTree = "<group>"; };
		81DBA4CA2A8BA79D00124442 /* RMServices.swift */ = {isa = PBXFileReference; lastKnownFileType = sourcecode.swift; path = RMServices.swift; sourceTree = "<group>"; };
		81DBA4CC2A8BA7AC00124442 /* RMRequest.swift */ = {isa = PBXFileReference; lastKnownFileType = sourcecode.swift; path = RMRequest.swift; sourceTree = "<group>"; };
		81DBA4CE2A8BA93900124442 /* RMEndpoint.swift */ = {isa = PBXFileReference; lastKnownFileType = sourcecode.swift; path = RMEndpoint.swift; sourceTree = "<group>"; };
		81DBA4D02A8BB5AF00124442 /* RMOrigin.swift */ = {isa = PBXFileReference; lastKnownFileType = sourcecode.swift; path = RMOrigin.swift; sourceTree = "<group>"; };
		81DBA4D22A8BB6A400124442 /* RMSingleLocation.swift */ = {isa = PBXFileReference; lastKnownFileType = sourcecode.swift; path = RMSingleLocation.swift; sourceTree = "<group>"; };
		81DBA4D42A8BB80000124442 /* RMCharacterStatus.swift */ = {isa = PBXFileReference; lastKnownFileType = sourcecode.swift; path = RMCharacterStatus.swift; sourceTree = "<group>"; };
		81DBA4D62A8BB85300124442 /* RMCharactersGender.swift */ = {isa = PBXFileReference; lastKnownFileType = sourcecode.swift; path = RMCharactersGender.swift; sourceTree = "<group>"; };
		81DBA4DA2A8E1D3E00124442 /* RMGetAllCharactersResponse.swift */ = {isa = PBXFileReference; lastKnownFileType = sourcecode.swift; path = RMGetAllCharactersResponse.swift; sourceTree = "<group>"; };
		81DBA4DC2A8E25E100124442 /* RMCharacterListViewViewModel.swift */ = {isa = PBXFileReference; lastKnownFileType = sourcecode.swift; path = RMCharacterListViewViewModel.swift; sourceTree = "<group>"; };
		81DBA4DE2A8E275F00124442 /* RMCharacterListView.swift */ = {isa = PBXFileReference; lastKnownFileType = sourcecode.swift; path = RMCharacterListView.swift; sourceTree = "<group>"; };
		81DBA4E02A90A5E800124442 /* RMCharacterCollectionViewCell.swift */ = {isa = PBXFileReference; lastKnownFileType = sourcecode.swift; path = RMCharacterCollectionViewCell.swift; sourceTree = "<group>"; };
		81DBA4E22A90A76000124442 /* RMCharacterCollectionViewCellViewModel.swift */ = {isa = PBXFileReference; lastKnownFileType = sourcecode.swift; path = RMCharacterCollectionViewCellViewModel.swift; sourceTree = "<group>"; };
		81DBA4E52A9243FD00124442 /* RMCharacterDetailViewController.swift */ = {isa = PBXFileReference; lastKnownFileType = sourcecode.swift; path = RMCharacterDetailViewController.swift; sourceTree = "<group>"; };
		81DBA4E72A9244CB00124442 /* RMCharacterDetailView.swift */ = {isa = PBXFileReference; lastKnownFileType = sourcecode.swift; path = RMCharacterDetailView.swift; sourceTree = "<group>"; };
		81DBA4E92A9244F100124442 /* RMCharacterDetailViewViewModel.swift */ = {isa = PBXFileReference; lastKnownFileType = sourcecode.swift; path = RMCharacterDetailViewViewModel.swift; sourceTree = "<group>"; };
		81DBA4EB2A96131200124442 /* RMFooterLoadingCollectionReusableView.swift */ = {isa = PBXFileReference; lastKnownFileType = sourcecode.swift; path = RMFooterLoadingCollectionReusableView.swift; sourceTree = "<group>"; };
/* End PBXFileReference section */

/* Begin PBXFrameworksBuildPhase section */
		81DBA49A2A8B670C00124442 /* Frameworks */ = {
			isa = PBXFrameworksBuildPhase;
			buildActionMask = 2147483647;
			files = (
			);
			runOnlyForDeploymentPostprocessing = 0;
		};
/* End PBXFrameworksBuildPhase section */

/* Begin PBXGroup section */
		819C129F2AADCB6800949938 /* CharacterDetails */ = {
			isa = PBXGroup;
			children = (
				81DBA4E72A9244CB00124442 /* RMCharacterDetailView.swift */,
				819C12A12AADCBC400949938 /* RMCharacterPhotoCollectionViewCell.swift */,
				819C12A32AADCBE100949938 /* RMCharacterInformationCollectionViewCell.swift */,
				819C12A52AADCBF100949938 /* RMCharacterEpisodesCollectionViewCell.swift */,
			);
			path = CharacterDetails;
			sourceTree = "<group>";
		};
		819C12A02AADCB7C00949938 /* Character */ = {
			isa = PBXGroup;
			children = (
				81DBA4DE2A8E275F00124442 /* RMCharacterListView.swift */,
				81DBA4E02A90A5E800124442 /* RMCharacterCollectionViewCell.swift */,
			);
			path = Character;
			sourceTree = "<group>";
		};
		819C12A72AADCC1C00949938 /* CharacterDetail */ = {
			isa = PBXGroup;
			children = (
				81DBA4E92A9244F100124442 /* RMCharacterDetailViewViewModel.swift */,
				819C12A82AADCC7B00949938 /* RMCharacterPhotoCollectionViewCellViewModel.swift */,
				819C12AA2AADCC8B00949938 /* RMCharacterInformationCollectionViewCellViewModel.swift */,
				819C12AC2AADCC9D00949938 /* RMCharacterEpisodesCollectionViewCellViewModel.swift */,
			);
			path = CharacterDetail;
			sourceTree = "<group>";
		};
		819C12B62AAF990800949938 /* Episode */ = {
			isa = PBXGroup;
			children = (
				819C12B72AAF992A00949938 /* RMEpisodeListView.swift */,
			);
			path = Episode;
			sourceTree = "<group>";
		};
		819C12BF2AB243DE00949938 /* EpisodeDetails */ = {
			isa = PBXGroup;
			children = (
				819C12B42AAF934B00949938 /* RMEpisodeDetailView.swift */,
				819C12C02AB2442600949938 /* RMEpisodeInformationCollectionViewCell.swift */,
			);
			path = EpisodeDetails;
			sourceTree = "<group>";
		};
		819C12C22AB244A300949938 /* EpisodeDetail */ = {
			isa = PBXGroup;
			children = (
				819C12B22AAF92A200949938 /* RMEpisodeDetailViewViewModel.swift */,
				819C12C32AB244F300949938 /* RMEpisodeInformationCollectionViewCellViewModel.swift */,
			);
			path = EpisodeDetail;
			sourceTree = "<group>";
		};
		819C12C52AB34FB500949938 /* Settings */ = {
			isa = PBXGroup;
			children = (
				819C12C62AB34FD800949938 /* RMSettingsViewViewModel.swift */,
				819C12C82AB3504B00949938 /* RMSettingsCellViewModel.swift */,
				819C12CA2AB350FC00949938 /* RMSettingsOption.swift */,
			);
			path = Settings;
			sourceTree = "<group>";
		};
		819C12CC2AB357D100949938 /* SwiftUI */ = {
			isa = PBXGroup;
			children = (
				819C12CD2AB3580800949938 /* RMSettingsView.swift */,
			);
			path = SwiftUI;
			sourceTree = "<group>";
		};
		819C12CF2AB5BEF500949938 /* Location */ = {
			isa = PBXGroup;
			children = (
				819C12D02AB5BF1A00949938 /* RMLocationView.swift */,
				819C12D62AB5CFAB00949938 /* RMLocationTableViewCell.swift */,
			);
			path = Location;
			sourceTree = "<group>";
		};
		819C12D82AB5D11700949938 /* Locations */ = {
			isa = PBXGroup;
			children = (
				819C12D22AB5C27300949938 /* RMLocationViewViewModel.swift */,
				819C12D92AB5D14100949938 /* RMLocationTableViewCellViewModel.swift */,
				819C12E02AB86A6F00949938 /* RMLocationDetailViewViewModel.swift */,
			);
			path = Locations;
			sourceTree = "<group>";
		};
		819C12DD2AB868F900949938 /* LocationDetails */ = {
			isa = PBXGroup;
			children = (
				819C12DE2AB8693300949938 /* RMLocationDetailView.swift */,
			);
			path = LocationDetails;
			sourceTree = "<group>";
		};
		819C12E22AB876D500949938 /* Search */ = {
			isa = PBXGroup;
			children = (
				819C12E32AB876E700949938 /* RMSearchView.swift */,
				819C12E72AB87AD500949938 /* RMNoSearchResultsView.swift */,
				819C12EC2AB87B7100949938 /* RMSearchInputView.swift */,
			);
			path = Search;
			sourceTree = "<group>";
		};
		819C12E92AB87AF300949938 /* Search */ = {
			isa = PBXGroup;
			children = (
				819C12E52AB877AB00949938 /* RMSearchViewViewModel.swift */,
				819C12EA2AB87B2600949938 /* RMNoSearchResultsViewViewModel.swift */,
				819C12EE2AB87B9E00949938 /* RMSearchInputViewViewModel.swift */,
			);
			path = Search;
			sourceTree = "<group>";
		};
		81DBA4942A8B670C00124442 = {
			isa = PBXGroup;
			children = (
				81DBA49F2A8B670D00124442 /* Ex-RickAndMortyApp */,
				81DBA49E2A8B670D00124442 /* Products */,
			);
			sourceTree = "<group>";
		};
		81DBA49E2A8B670D00124442 /* Products */ = {
			isa = PBXGroup;
			children = (
				81DBA49D2A8B670C00124442 /* Ex-RickAndMortyApp.app */,
			);
			name = Products;
			sourceTree = "<group>";
		};
		81DBA49F2A8B670D00124442 /* Ex-RickAndMortyApp */ = {
			isa = PBXGroup;
			children = (
				81DBA4BA2A8B918900124442 /* Resources */,
				81DBA4B92A8B918300124442 /* Managers */,
				81DBA4B82A8B917500124442 /* APIClient */,
				81DBA4B72A8B916A00124442 /* ViewModels */,
				81DBA4B62A8B916100124442 /* Views */,
				81DBA4B52A8B915900124442 /* Models */,
				81DBA4B42A8B915000124442 /* Controllers */,
				81DBA4AE2A8B670E00124442 /* Info.plist */,
			);
			path = "Ex-RickAndMortyApp";
			sourceTree = "<group>";
		};
		81DBA4B42A8B915000124442 /* Controllers */ = {
			isa = PBXGroup;
			children = (
				81DBA4E42A9243D400124442 /* Other */,
				81DBA4C12A8B92DB00124442 /* Core */,
			);
			path = Controllers;
			sourceTree = "<group>";
		};
		81DBA4B52A8B915900124442 /* Models */ = {
			isa = PBXGroup;
			children = (
				81DBA4D92A8E1D2900124442 /* APIResponseTypes */,
				81DBA4D82A8E1D1D00124442 /* DataTypes */,
			);
			path = Models;
			sourceTree = "<group>";
		};
		81DBA4B62A8B916100124442 /* Views */ = {
			isa = PBXGroup;
			children = (
				819C12E22AB876D500949938 /* Search */,
				819C12DD2AB868F900949938 /* LocationDetails */,
				819C12CF2AB5BEF500949938 /* Location */,
				819C12CC2AB357D100949938 /* SwiftUI */,
				819C12BF2AB243DE00949938 /* EpisodeDetails */,
				819C12B62AAF990800949938 /* Episode */,
				819C129F2AADCB6800949938 /* CharacterDetails */,
				819C12A02AADCB7C00949938 /* Character */,
				81DBA4EB2A96131200124442 /* RMFooterLoadingCollectionReusableView.swift */,
			);
			path = Views;
			sourceTree = "<group>";
		};
		81DBA4B72A8B916A00124442 /* ViewModels */ = {
			isa = PBXGroup;
			children = (
				819C12E92AB87AF300949938 /* Search */,
				819C12D82AB5D11700949938 /* Locations */,
				819C12C52AB34FB500949938 /* Settings */,
				819C12C22AB244A300949938 /* EpisodeDetail */,
				819C12A72AADCC1C00949938 /* CharacterDetail */,
				81DBA4DC2A8E25E100124442 /* RMCharacterListViewViewModel.swift */,
				81DBA4E22A90A76000124442 /* RMCharacterCollectionViewCellViewModel.swift */,
				819C12B92AAF9C7400949938 /* RMEpisodeListViewViewModel.swift */,
			);
			path = ViewModels;
			sourceTree = "<group>";
		};
		81DBA4B82A8B917500124442 /* APIClient */ = {
			isa = PBXGroup;
			children = (
				81DBA4CA2A8BA79D00124442 /* RMServices.swift */,
				81DBA4CC2A8BA7AC00124442 /* RMRequest.swift */,
				81DBA4CE2A8BA93900124442 /* RMEndpoint.swift */,
			);
			path = APIClient;
			sourceTree = "<group>";
		};
		81DBA4B92A8B918300124442 /* Managers */ = {
			isa = PBXGroup;
			children = (
				819C129C2AAC8AB300949938 /* RMImageLoader.swift */,
				819C12B02AAF50FD00949938 /* RMAPICacheManager.swift */,
			);
			path = Managers;
			sourceTree = "<group>";
		};
		81DBA4BA2A8B918900124442 /* Resources */ = {
			isa = PBXGroup;
			children = (
				81DBA4A02A8B670D00124442 /* AppDelegate.swift */,
				81DBA4A22A8B670D00124442 /* SceneDelegate.swift */,
				81DBA4A92A8B670E00124442 /* Assets.xcassets */,
				81DBA4AB2A8B670E00124442 /* LaunchScreen.storyboard */,
			);
			path = Resources;
			sourceTree = "<group>";
		};
		81DBA4C12A8B92DB00124442 /* Core */ = {
			isa = PBXGroup;
			children = (
				81DBA4A42A8B670D00124442 /* RMTabBarController.swift */,
				81DBA4C22A8B933300124442 /* RMCharacterViewController.swift */,
				81DBA4C42A8B937000124442 /* RMLocationViewController.swift */,
				81DBA4C62A8B938A00124442 /* RMEpisodeViewController.swift */,
				81DBA4C82A8B93B000124442 /* RMSettingsViewController.swift */,
			);
			path = Core;
			sourceTree = "<group>";
		};
		81DBA4D82A8E1D1D00124442 /* DataTypes */ = {
			isa = PBXGroup;
			children = (
				81DBA4BF2A8B925A00124442 /* RMLocation.swift */,
				81DBA4BD2A8B924F00124442 /* RMCharacter.swift */,
				81DBA4BB2A8B924000124442 /* RMEpisode.swift */,
				81DBA4D02A8BB5AF00124442 /* RMOrigin.swift */,
				81DBA4D22A8BB6A400124442 /* RMSingleLocation.swift */,
				81DBA4D42A8BB80000124442 /* RMCharacterStatus.swift */,
				81DBA4D62A8BB85300124442 /* RMCharactersGender.swift */,
			);
			path = DataTypes;
			sourceTree = "<group>";
		};
		81DBA4D92A8E1D2900124442 /* APIResponseTypes */ = {
			isa = PBXGroup;
			children = (
				81DBA4DA2A8E1D3E00124442 /* RMGetAllCharactersResponse.swift */,
				819C12BB2AB09E8200949938 /* RMGetAllEpisodesResponse.swift */,
				819C12D42AB5CDC000949938 /* RMGetAllLocationsResponse.swift */,
			);
			path = APIResponseTypes;
			sourceTree = "<group>";
		};
		81DBA4E42A9243D400124442 /* Other */ = {
			isa = PBXGroup;
			children = (
				81DBA4E52A9243FD00124442 /* RMCharacterDetailViewController.swift */,
				819C12AE2AAF483E00949938 /* RMEpisodeDetailViewController.swift */,
				819C12BD2AB0ADEA00949938 /* RMSearchViewController.swift */,
				819C12DB2AB866E900949938 /* RMLocationDetailViewController.swift */,
			);
			path = Other;
			sourceTree = "<group>";
		};
/* End PBXGroup section */

/* Begin PBXNativeTarget section */
		81DBA49C2A8B670C00124442 /* Ex-RickAndMortyApp */ = {
			isa = PBXNativeTarget;
			buildConfigurationList = 81DBA4B12A8B670E00124442 /* Build configuration list for PBXNativeTarget "Ex-RickAndMortyApp" */;
			buildPhases = (
				81DBA4992A8B670C00124442 /* Sources */,
				81DBA49A2A8B670C00124442 /* Frameworks */,
				81DBA49B2A8B670C00124442 /* Resources */,
			);
			buildRules = (
			);
			dependencies = (
			);
			name = "Ex-RickAndMortyApp";
			productName = "Ex-RickAndMortyApp";
			productReference = 81DBA49D2A8B670C00124442 /* Ex-RickAndMortyApp.app */;
			productType = "com.apple.product-type.application";
		};
/* End PBXNativeTarget section */

/* Begin PBXProject section */
		81DBA4952A8B670C00124442 /* Project object */ = {
			isa = PBXProject;
			attributes = {
				BuildIndependentTargetsInParallel = 1;
				LastSwiftUpdateCheck = 1430;
				LastUpgradeCheck = 1430;
				TargetAttributes = {
					81DBA49C2A8B670C00124442 = {
						CreatedOnToolsVersion = 14.3.1;
					};
				};
			};
			buildConfigurationList = 81DBA4982A8B670C00124442 /* Build configuration list for PBXProject "Ex-RickAndMortyApp" */;
			compatibilityVersion = "Xcode 14.0";
			developmentRegion = en;
			hasScannedForEncodings = 0;
			knownRegions = (
				en,
				Base,
			);
			mainGroup = 81DBA4942A8B670C00124442;
			productRefGroup = 81DBA49E2A8B670D00124442 /* Products */;
			projectDirPath = "";
			projectRoot = "";
			targets = (
				81DBA49C2A8B670C00124442 /* Ex-RickAndMortyApp */,
			);
		};
/* End PBXProject section */

/* Begin PBXResourcesBuildPhase section */
		81DBA49B2A8B670C00124442 /* Resources */ = {
			isa = PBXResourcesBuildPhase;
			buildActionMask = 2147483647;
			files = (
				81DBA4AD2A8B670E00124442 /* LaunchScreen.storyboard in Resources */,
				81DBA4AA2A8B670E00124442 /* Assets.xcassets in Resources */,
			);
			runOnlyForDeploymentPostprocessing = 0;
		};
/* End PBXResourcesBuildPhase section */

/* Begin PBXSourcesBuildPhase section */
		81DBA4992A8B670C00124442 /* Sources */ = {
			isa = PBXSourcesBuildPhase;
			buildActionMask = 2147483647;
			files = (
				819C12C12AB2442600949938 /* RMEpisodeInformationCollectionViewCell.swift in Sources */,
				81DBA4EC2A96131200124442 /* RMFooterLoadingCollectionReusableView.swift in Sources */,
				819C12D12AB5BF1A00949938 /* RMLocationView.swift in Sources */,
				819C12CB2AB350FC00949938 /* RMSettingsOption.swift in Sources */,
				81DBA4D12A8BB5AF00124442 /* RMOrigin.swift in Sources */,
				819C12C92AB3504B00949938 /* RMSettingsCellViewModel.swift in Sources */,
				819C12BE2AB0ADEA00949938 /* RMSearchViewController.swift in Sources */,
				81DBA4D32A8BB6A400124442 /* RMSingleLocation.swift in Sources */,
				81DBA4E32A90A76000124442 /* RMCharacterCollectionViewCellViewModel.swift in Sources */,
				819C12D52AB5CDC000949938 /* RMGetAllLocationsResponse.swift in Sources */,
				819C12BC2AB09E8200949938 /* RMGetAllEpisodesResponse.swift in Sources */,
				81DBA4DF2A8E275F00124442 /* RMCharacterListView.swift in Sources */,
				819C129D2AAC8AB300949938 /* RMImageLoader.swift in Sources */,
				81DBA4D52A8BB80000124442 /* RMCharacterStatus.swift in Sources */,
				81DBA4D72A8BB85400124442 /* RMCharactersGender.swift in Sources */,
				819C12C72AB34FD800949938 /* RMSettingsViewViewModel.swift in Sources */,
				819C12AF2AAF483E00949938 /* RMEpisodeDetailViewController.swift in Sources */,
				819C12D32AB5C27300949938 /* RMLocationViewViewModel.swift in Sources */,
				819C12E62AB877AB00949938 /* RMSearchViewViewModel.swift in Sources */,
				81DBA4A52A8B670D00124442 /* RMTabBarController.swift in Sources */,
				819C12B52AAF934B00949938 /* RMEpisodeDetailView.swift in Sources */,
				81DBA4C72A8B938A00124442 /* RMEpisodeViewController.swift in Sources */,
				819C12DF2AB8693300949938 /* RMLocationDetailView.swift in Sources */,
				819C12B32AAF92A200949938 /* RMEpisodeDetailViewViewModel.swift in Sources */,
				819C12B82AAF992A00949938 /* RMEpisodeListView.swift in Sources */,
				81DBA4E82A9244CB00124442 /* RMCharacterDetailView.swift in Sources */,
				819C12EB2AB87B2700949938 /* RMNoSearchResultsViewViewModel.swift in Sources */,
				81DBA4BC2A8B924000124442 /* RMEpisode.swift in Sources */,
				819C12E82AB87AD500949938 /* RMNoSearchResultsView.swift in Sources */,
				819C12B12AAF50FD00949938 /* RMAPICacheManager.swift in Sources */,
				81DBA4DB2A8E1D3E00124442 /* RMGetAllCharactersResponse.swift in Sources */,
				819C12C42AB244F300949938 /* RMEpisodeInformationCollectionViewCellViewModel.swift in Sources */,
				81DBA4C92A8B93B000124442 /* RMSettingsViewController.swift in Sources */,
				81DBA4A12A8B670D00124442 /* AppDelegate.swift in Sources */,
				81DBA4CB2A8BA79D00124442 /* RMServices.swift in Sources */,
				819C12A22AADCBC400949938 /* RMCharacterPhotoCollectionViewCell.swift in Sources */,
				819C12DA2AB5D14100949938 /* RMLocationTableViewCellViewModel.swift in Sources */,
				81DBA4BE2A8B924F00124442 /* RMCharacter.swift in Sources */,
				819C12DC2AB866E900949938 /* RMLocationDetailViewController.swift in Sources */,
				819C12A92AADCC7B00949938 /* RMCharacterPhotoCollectionViewCellViewModel.swift in Sources */,
				819C12EF2AB87B9E00949938 /* RMSearchInputViewViewModel.swift in Sources */,
				819C12D72AB5CFAB00949938 /* RMLocationTableViewCell.swift in Sources */,
				81DBA4C32A8B933300124442 /* RMCharacterViewController.swift in Sources */,
				819C12ED2AB87B7100949938 /* RMSearchInputView.swift in Sources */,
				819C12E12AB86A6F00949938 /* RMLocationDetailViewViewModel.swift in Sources */,
				81DBA4C02A8B925A00124442 /* RMLocation.swift in Sources */,
				819C12AD2AADCC9D00949938 /* RMCharacterEpisodesCollectionViewCellViewModel.swift in Sources */,
				81DBA4CF2A8BA93900124442 /* RMEndpoint.swift in Sources */,
				81DBA4A32A8B670D00124442 /* SceneDelegate.swift in Sources */,
				819C12AB2AADCC8B00949938 /* RMCharacterInformationCollectionViewCellViewModel.swift in Sources */,
				819C12E42AB876E700949938 /* RMSearchView.swift in Sources */,
				819C12BA2AAF9C7400949938 /* RMEpisodeListViewViewModel.swift in Sources */,
				819C12CE2AB3580800949938 /* RMSettingsView.swift in Sources */,
				81DBA4E62A9243FD00124442 /* RMCharacterDetailViewController.swift in Sources */,
				819C12A62AADCBF100949938 /* RMCharacterEpisodesCollectionViewCell.swift in Sources */,
				81DBA4E12A90A5E800124442 /* RMCharacterCollectionViewCell.swift in Sources */,
				81DBA4CD2A8BA7AC00124442 /* RMRequest.swift in Sources */,
				819C12A42AADCBE100949938 /* RMCharacterInformationCollectionViewCell.swift in Sources */,
				81DBA4DD2A8E25E100124442 /* RMCharacterListViewViewModel.swift in Sources */,
				81DBA4C52A8B937000124442 /* RMLocationViewController.swift in Sources */,
				81DBA4EA2A9244F100124442 /* RMCharacterDetailViewViewModel.swift in Sources */,
			);
			runOnlyForDeploymentPostprocessing = 0;
		};
/* End PBXSourcesBuildPhase section */

/* Begin PBXVariantGroup section */
		81DBA4AB2A8B670E00124442 /* LaunchScreen.storyboard */ = {
			isa = PBXVariantGroup;
			children = (
				81DBA4AC2A8B670E00124442 /* Base */,
			);
			name = LaunchScreen.storyboard;
			sourceTree = "<group>";
		};
/* End PBXVariantGroup section */

/* Begin XCBuildConfiguration section */
		81DBA4AF2A8B670E00124442 /* Debug */ = {
			isa = XCBuildConfiguration;
			buildSettings = {
				ALWAYS_SEARCH_USER_PATHS = NO;
				CLANG_ANALYZER_NONNULL = YES;
				CLANG_ANALYZER_NUMBER_OBJECT_CONVERSION = YES_AGGRESSIVE;
				CLANG_CXX_LANGUAGE_STANDARD = "gnu++20";
				CLANG_ENABLE_MODULES = YES;
				CLANG_ENABLE_OBJC_ARC = YES;
				CLANG_ENABLE_OBJC_WEAK = YES;
				CLANG_WARN_BLOCK_CAPTURE_AUTORELEASING = YES;
				CLANG_WARN_BOOL_CONVERSION = YES;
				CLANG_WARN_COMMA = YES;
				CLANG_WARN_CONSTANT_CONVERSION = YES;
				CLANG_WARN_DEPRECATED_OBJC_IMPLEMENTATIONS = YES;
				CLANG_WARN_DIRECT_OBJC_ISA_USAGE = YES_ERROR;
				CLANG_WARN_DOCUMENTATION_COMMENTS = YES;
				CLANG_WARN_EMPTY_BODY = YES;
				CLANG_WARN_ENUM_CONVERSION = YES;
				CLANG_WARN_INFINITE_RECURSION = YES;
				CLANG_WARN_INT_CONVERSION = YES;
				CLANG_WARN_NON_LITERAL_NULL_CONVERSION = YES;
				CLANG_WARN_OBJC_IMPLICIT_RETAIN_SELF = YES;
				CLANG_WARN_OBJC_LITERAL_CONVERSION = YES;
				CLANG_WARN_OBJC_ROOT_CLASS = YES_ERROR;
				CLANG_WARN_QUOTED_INCLUDE_IN_FRAMEWORK_HEADER = YES;
				CLANG_WARN_RANGE_LOOP_ANALYSIS = YES;
				CLANG_WARN_STRICT_PROTOTYPES = YES;
				CLANG_WARN_SUSPICIOUS_MOVE = YES;
				CLANG_WARN_UNGUARDED_AVAILABILITY = YES_AGGRESSIVE;
				CLANG_WARN_UNREACHABLE_CODE = YES;
				CLANG_WARN__DUPLICATE_METHOD_MATCH = YES;
				COPY_PHASE_STRIP = NO;
				DEBUG_INFORMATION_FORMAT = dwarf;
				ENABLE_STRICT_OBJC_MSGSEND = YES;
				ENABLE_TESTABILITY = YES;
				GCC_C_LANGUAGE_STANDARD = gnu11;
				GCC_DYNAMIC_NO_PIC = NO;
				GCC_NO_COMMON_BLOCKS = YES;
				GCC_OPTIMIZATION_LEVEL = 0;
				GCC_PREPROCESSOR_DEFINITIONS = (
					"DEBUG=1",
					"$(inherited)",
				);
				GCC_WARN_64_TO_32_BIT_CONVERSION = YES;
				GCC_WARN_ABOUT_RETURN_TYPE = YES_ERROR;
				GCC_WARN_UNDECLARED_SELECTOR = YES;
				GCC_WARN_UNINITIALIZED_AUTOS = YES_AGGRESSIVE;
				GCC_WARN_UNUSED_FUNCTION = YES;
				GCC_WARN_UNUSED_VARIABLE = YES;
				IPHONEOS_DEPLOYMENT_TARGET = 16.4;
				MTL_ENABLE_DEBUG_INFO = INCLUDE_SOURCE;
				MTL_FAST_MATH = YES;
				ONLY_ACTIVE_ARCH = YES;
				SDKROOT = iphoneos;
				SWIFT_ACTIVE_COMPILATION_CONDITIONS = DEBUG;
				SWIFT_OPTIMIZATION_LEVEL = "-Onone";
			};
			name = Debug;
		};
		81DBA4B02A8B670E00124442 /* Release */ = {
			isa = XCBuildConfiguration;
			buildSettings = {
				ALWAYS_SEARCH_USER_PATHS = NO;
				CLANG_ANALYZER_NONNULL = YES;
				CLANG_ANALYZER_NUMBER_OBJECT_CONVERSION = YES_AGGRESSIVE;
				CLANG_CXX_LANGUAGE_STANDARD = "gnu++20";
				CLANG_ENABLE_MODULES = YES;
				CLANG_ENABLE_OBJC_ARC = YES;
				CLANG_ENABLE_OBJC_WEAK = YES;
				CLANG_WARN_BLOCK_CAPTURE_AUTORELEASING = YES;
				CLANG_WARN_BOOL_CONVERSION = YES;
				CLANG_WARN_COMMA = YES;
				CLANG_WARN_CONSTANT_CONVERSION = YES;
				CLANG_WARN_DEPRECATED_OBJC_IMPLEMENTATIONS = YES;
				CLANG_WARN_DIRECT_OBJC_ISA_USAGE = YES_ERROR;
				CLANG_WARN_DOCUMENTATION_COMMENTS = YES;
				CLANG_WARN_EMPTY_BODY = YES;
				CLANG_WARN_ENUM_CONVERSION = YES;
				CLANG_WARN_INFINITE_RECURSION = YES;
				CLANG_WARN_INT_CONVERSION = YES;
				CLANG_WARN_NON_LITERAL_NULL_CONVERSION = YES;
				CLANG_WARN_OBJC_IMPLICIT_RETAIN_SELF = YES;
				CLANG_WARN_OBJC_LITERAL_CONVERSION = YES;
				CLANG_WARN_OBJC_ROOT_CLASS = YES_ERROR;
				CLANG_WARN_QUOTED_INCLUDE_IN_FRAMEWORK_HEADER = YES;
				CLANG_WARN_RANGE_LOOP_ANALYSIS = YES;
				CLANG_WARN_STRICT_PROTOTYPES = YES;
				CLANG_WARN_SUSPICIOUS_MOVE = YES;
				CLANG_WARN_UNGUARDED_AVAILABILITY = YES_AGGRESSIVE;
				CLANG_WARN_UNREACHABLE_CODE = YES;
				CLANG_WARN__DUPLICATE_METHOD_MATCH = YES;
				COPY_PHASE_STRIP = NO;
				DEBUG_INFORMATION_FORMAT = "dwarf-with-dsym";
				ENABLE_NS_ASSERTIONS = NO;
				ENABLE_STRICT_OBJC_MSGSEND = YES;
				GCC_C_LANGUAGE_STANDARD = gnu11;
				GCC_NO_COMMON_BLOCKS = YES;
				GCC_WARN_64_TO_32_BIT_CONVERSION = YES;
				GCC_WARN_ABOUT_RETURN_TYPE = YES_ERROR;
				GCC_WARN_UNDECLARED_SELECTOR = YES;
				GCC_WARN_UNINITIALIZED_AUTOS = YES_AGGRESSIVE;
				GCC_WARN_UNUSED_FUNCTION = YES;
				GCC_WARN_UNUSED_VARIABLE = YES;
				IPHONEOS_DEPLOYMENT_TARGET = 16.4;
				MTL_ENABLE_DEBUG_INFO = NO;
				MTL_FAST_MATH = YES;
				SDKROOT = iphoneos;
				SWIFT_COMPILATION_MODE = wholemodule;
				SWIFT_OPTIMIZATION_LEVEL = "-O";
				VALIDATE_PRODUCT = YES;
			};
			name = Release;
		};
		81DBA4B22A8B670E00124442 /* Debug */ = {
			isa = XCBuildConfiguration;
			buildSettings = {
				ASSETCATALOG_COMPILER_APPICON_NAME = AppIcon;
				ASSETCATALOG_COMPILER_GLOBAL_ACCENT_COLOR_NAME = AccentColor;
				CODE_SIGN_STYLE = Automatic;
				CURRENT_PROJECT_VERSION = 1;
				DEVELOPMENT_TEAM = 57F5WN9JCX;
				GENERATE_INFOPLIST_FILE = YES;
				INFOPLIST_FILE = "Ex-RickAndMortyApp/Info.plist";
				INFOPLIST_KEY_CFBundleDisplayName = "Rick & Morty";
				INFOPLIST_KEY_LSApplicationCategoryType = "public.app-category.education";
				INFOPLIST_KEY_UIApplicationSupportsIndirectInputEvents = YES;
				INFOPLIST_KEY_UILaunchStoryboardName = LaunchScreen;
				INFOPLIST_KEY_UISupportedInterfaceOrientations_iPad = "UIInterfaceOrientationPortrait UIInterfaceOrientationPortraitUpsideDown UIInterfaceOrientationLandscapeLeft UIInterfaceOrientationLandscapeRight";
				INFOPLIST_KEY_UISupportedInterfaceOrientations_iPhone = "UIInterfaceOrientationPortrait UIInterfaceOrientationLandscapeLeft UIInterfaceOrientationLandscapeRight";
				LD_RUNPATH_SEARCH_PATHS = (
					"$(inherited)",
					"@executable_path/Frameworks",
				);
				MARKETING_VERSION = 1.0;
				PRODUCT_BUNDLE_IDENTIFIER = "com.halukbayrakci.Ex-RickAndMortyApp";
				PRODUCT_NAME = "$(TARGET_NAME)";
				SWIFT_EMIT_LOC_STRINGS = YES;
				SWIFT_VERSION = 5.0;
				TARGETED_DEVICE_FAMILY = "1,2";
			};
			name = Debug;
		};
		81DBA4B32A8B670E00124442 /* Release */ = {
			isa = XCBuildConfiguration;
			buildSettings = {
				ASSETCATALOG_COMPILER_APPICON_NAME = AppIcon;
				ASSETCATALOG_COMPILER_GLOBAL_ACCENT_COLOR_NAME = AccentColor;
				CODE_SIGN_STYLE = Automatic;
				CURRENT_PROJECT_VERSION = 1;
				DEVELOPMENT_TEAM = 57F5WN9JCX;
				GENERATE_INFOPLIST_FILE = YES;
				INFOPLIST_FILE = "Ex-RickAndMortyApp/Info.plist";
				INFOPLIST_KEY_CFBundleDisplayName = "Rick & Morty";
				INFOPLIST_KEY_LSApplicationCategoryType = "public.app-category.education";
				INFOPLIST_KEY_UIApplicationSupportsIndirectInputEvents = YES;
				INFOPLIST_KEY_UILaunchStoryboardName = LaunchScreen;
				INFOPLIST_KEY_UISupportedInterfaceOrientations_iPad = "UIInterfaceOrientationPortrait UIInterfaceOrientationPortraitUpsideDown UIInterfaceOrientationLandscapeLeft UIInterfaceOrientationLandscapeRight";
				INFOPLIST_KEY_UISupportedInterfaceOrientations_iPhone = "UIInterfaceOrientationPortrait UIInterfaceOrientationLandscapeLeft UIInterfaceOrientationLandscapeRight";
				LD_RUNPATH_SEARCH_PATHS = (
					"$(inherited)",
					"@executable_path/Frameworks",
				);
				MARKETING_VERSION = 1.0;
				PRODUCT_BUNDLE_IDENTIFIER = "com.halukbayrakci.Ex-RickAndMortyApp";
				PRODUCT_NAME = "$(TARGET_NAME)";
				SWIFT_EMIT_LOC_STRINGS = YES;
				SWIFT_VERSION = 5.0;
				TARGETED_DEVICE_FAMILY = "1,2";
			};
			name = Release;
		};
/* End XCBuildConfiguration section */

/* Begin XCConfigurationList section */
		81DBA4982A8B670C00124442 /* Build configuration list for PBXProject "Ex-RickAndMortyApp" */ = {
			isa = XCConfigurationList;
			buildConfigurations = (
				81DBA4AF2A8B670E00124442 /* Debug */,
				81DBA4B02A8B670E00124442 /* Release */,
			);
			defaultConfigurationIsVisible = 0;
			defaultConfigurationName = Release;
		};
		81DBA4B12A8B670E00124442 /* Build configuration list for PBXNativeTarget "Ex-RickAndMortyApp" */ = {
			isa = XCConfigurationList;
			buildConfigurations = (
				81DBA4B22A8B670E00124442 /* Debug */,
				81DBA4B32A8B670E00124442 /* Release */,
			);
			defaultConfigurationIsVisible = 0;
			defaultConfigurationName = Release;
		};
/* End XCConfigurationList section */
	};
	rootObject = 81DBA4952A8B670C00124442 /* Project object */;
}
